
Microsoft Visual Studio Solution File, Format Version 11.00
# Visual Studio 2010
Project("{FAE04EC0-301F-11D3-BF4B-00C04F79EFBC}") = "Fish Out of Water", "Assembly-CSharp.csproj", "{F10F1508-B8DF-ED7A-E1C0-F25917B2E500}"
EndProject
Global
	GlobalSection(SolutionConfigurationPlatforms) = preSolution
		Debug|Any CPU = Debug|Any CPU
		Release|Any CPU = Release|Any CPU
	EndGlobalSection
	GlobalSection(ProjectConfigurationPlatforms) = postSolution
		{F10F1508-B8DF-ED7A-E1C0-F25917B2E500}.Debug|Any CPU.ActiveCfg = Debug|Any CPU
		{F10F1508-B8DF-ED7A-E1C0-F25917B2E500}.Debug|Any CPU.Build.0 = Debug|Any CPU
		{F10F1508-B8DF-ED7A-E1C0-F25917B2E500}.Release|Any CPU.ActiveCfg = Release|Any CPU
		{F10F1508-B8DF-ED7A-E1C0-F25917B2E500}.Release|Any CPU.Build.0 = Release|Any CPU
	EndGlobalSection
	GlobalSection(SolutionProperties) = preSolution
		HideSolutionNode = FALSE
	EndGlobalSection
	GlobalSection(MonoDevelopProperties) = preSolution
		StartupItem = Assembly-CSharp.csproj
	EndGlobalSection
EndGlobal
